
Microsoft Visual Studio Solution File, Format Version 12.00
# Visual Studio 2013
VisualStudioVersion = 12.0.21005.1
MinimumVisualStudioVersion = 10.0.40219.1
Project("{FAE04EC0-301F-11D3-BF4B-00C04F79EFBC}") = "BrilliantFactory.ServiceProvider", "BrilliantFactory.ServiceProvider\BrilliantFactory.ServiceProvider.csproj", "{391980FA-F367-4AC2-9DD7-2070300D2BC4}"
EndProject
Project("{FAE04EC0-301F-11D3-BF4B-00C04F79EFBC}") = "BrilliantFactory.Interfaces", "BrilliantFactory.Interfaces\BrilliantFactory.Interfaces.csproj", "{9BE0C25E-1623-4FA1-8398-15F9B0EF178B}"
EndProject
Project("{FAE04EC0-301F-11D3-BF4B-00C04F79EFBC}") = "BrilliantFactory.DataModel", "BrilliantFactory.DataModel\BrilliantFactory.DataModel.csproj", "{C947494C-7FC9-4589-9BD0-652CF1C4CD12}"
EndProject
Project("{FAE04EC0-301F-11D3-BF4B-00C04F79EFBC}") = "WIP_Personnel", "WIP_Personnel\WIP_Personnel.csproj", "{C31A07C2-7EE8-4007-8972-0F05D2642811}"
EndProject
Project("{E24C65DC-7377-472B-9ABA-BC803B73C61A}") = "WIPREST", "http://localhost:44501", "{983CE248-91FB-41B7-B1FE-FA5F791B6FF1}"
	ProjectSection(WebsiteProperties) = preProject
		UseIISExpress = "true"
		TargetFrameworkMoniker = ".NETFramework,Version%3Dv4.5"
		ProjectReferences = "{c31a07c2-7ee8-4007-8972-0f05d2642811}|WIP_Personnel.dll;{1103472D-6A5C-4135-B359-0DFC72E71533}|WIP_common.dll;{5693c3ef-526e-4bac-8cd1-104f8791089d}|WIP_MES.dll;{B0AD1F34-4C94-4CA8-9F14-823FF09E7876}|WIP_Print.dll;{C4A8F076-DD3A-42D6-859A-CFB4A1C197C7}|WIP_BLL.dll;{A6A4C9FD-A504-4B5C-B2E4-33AC03002212}|WIP_DAL.dll;{45CC6D7C-F2B9-4037-897C-2CC10910CC78}|WIP_Models.dll;{DDDFBA2A-F77A-4584-8D36-60F46BE0C3F3}|WIP_PFMD.dll;{49f1349c-9c11-4474-983e-e3b7b3b7dce3}|WIP_BasicInfo.dll;{d73ba92c-053b-461d-a7e6-01347a41c30c}|WIP_WIPMgmt.dll;{264DFCF5-688F-4351-84EE-7B2B73A782A9}|WIP_IBLL.dll;{afacc1cb-80b6-4f07-b59b-37d308b4ad35}|WIP_Test.dll;"
		Debug.AspNetCompiler.VirtualPath = "/localhost_44501"
		Debug.AspNetCompiler.PhysicalPath = "WIPREST\"
		Debug.AspNetCompiler.TargetPath = "PrecompiledWeb\localhost_44501\"
		Debug.AspNetCompiler.Updateable = "true"
		Debug.AspNetCompiler.ForceOverwrite = "true"
		Debug.AspNetCompiler.FixedNames = "false"
		Debug.AspNetCompiler.Debug = "True"
		Release.AspNetCompiler.VirtualPath = "/localhost_44501"
		Release.AspNetCompiler.PhysicalPath = "WIPREST\"
		Release.AspNetCompiler.TargetPath = "PrecompiledWeb\localhost_44501\"
		Release.AspNetCompiler.Updateable = "true"
		Release.AspNetCompiler.ForceOverwrite = "true"
		Release.AspNetCompiler.FixedNames = "false"
		Release.AspNetCompiler.Debug = "False"
		SlnRelativePath = "WIPREST\"
		DefaultWebSiteLanguage = "Visual C#"
	EndProjectSection
EndProject
Project("{FAE04EC0-301F-11D3-BF4B-00C04F79EFBC}") = "WIP_common", "WIP_common\WIP_common.csproj", "{1103472D-6A5C-4135-B359-0DFC72E71533}"
EndProject
Project("{FAE04EC0-301F-11D3-BF4B-00C04F79EFBC}") = "WIP_MES", "WIP_MES\WIP_MES.csproj", "{5693C3EF-526E-4BAC-8CD1-104F8791089D}"
EndProject
Project("{FAE04EC0-301F-11D3-BF4B-00C04F79EFBC}") = "WIP_QuartzService", "WIP_QuartzService\WIP_QuartzService.csproj", "{95D9E5D7-EA62-4EDC-9BAD-B5A84FDD6539}"
EndProject
Project("{FAE04EC0-301F-11D3-BF4B-00C04F79EFBC}") = "WIP_QuartzTask", "WIP_QuartzTask\WIP_QuartzTask.csproj", "{7A0E391F-8FFB-4B0A-B684-1A0FB8D69306}"
EndProject
Project("{FAE04EC0-301F-11D3-BF4B-00C04F79EFBC}") = "WIP_Print", "WIP_Print\WIP_Print.csproj", "{B0AD1F34-4C94-4CA8-9F14-823FF09E7876}"
EndProject
Project("{FAE04EC0-301F-11D3-BF4B-00C04F79EFBC}") = "WIP_Models", "WIP_Models\WIP_Models.csproj", "{45CC6D7C-F2B9-4037-897C-2CC10910CC78}"
EndProject
Project("{FAE04EC0-301F-11D3-BF4B-00C04F79EFBC}") = "WIP_BLL", "WIP_BLL\WIP_BLL.csproj", "{C4A8F076-DD3A-42D6-859A-CFB4A1C197C7}"
	ProjectSection(ProjectDependencies) = postProject
		{A6A4C9FD-A504-4B5C-B2E4-33AC03002212} = {A6A4C9FD-A504-4B5C-B2E4-33AC03002212}
	EndProjectSection
EndProject
Project("{FAE04EC0-301F-11D3-BF4B-00C04F79EFBC}") = "WIP_DAL", "WIP_DAL\WIP_DAL.csproj", "{A6A4C9FD-A504-4B5C-B2E4-33AC03002212}"
EndProject
Project("{FAE04EC0-301F-11D3-BF4B-00C04F79EFBC}") = "WIP_PFMD", "WIP_PFMD\WIP_PFMD.csproj", "{DDDFBA2A-F77A-4584-8D36-60F46BE0C3F3}"
EndProject
Project("{FAE04EC0-301F-11D3-BF4B-00C04F79EFBC}") = "WIP_PrintService", "WIP_PrintService\WIP_PrintService.csproj", "{621AF504-EB96-4131-83A7-C7072F70B00E}"
EndProject
Project("{FAE04EC0-301F-11D3-BF4B-00C04F79EFBC}") = "WIP_ServiceClient", "WIP_ServiceClient\WIP_ServiceClient.csproj", "{B9DBDCA4-ECAA-419C-8FBB-7EA267B1F48E}"
EndProject
Project("{FAE04EC0-301F-11D3-BF4B-00C04F79EFBC}") = "WIP_BasicInfo", "WIP_BasicInfo\WIP_BasicInfo.csproj", "{49F1349C-9C11-4474-983E-E3B7B3B7DCE3}"
EndProject
Project("{2150E333-8FDC-42A3-9474-1A3956D46DE8}") = "1-Presentation", "1-Presentation", "{DD71A529-9C51-46EA-A416-E6E41DDD8793}"
EndProject
Project("{2150E333-8FDC-42A3-9474-1A3956D46DE8}") = "2-Application", "2-Application", "{3FD84F73-C0B8-461B-8A49-C21340C35958}"
EndProject
Project("{2150E333-8FDC-42A3-9474-1A3956D46DE8}") = "3-BussinessLogic", "3-BussinessLogic", "{2D29546D-09D8-46BB-834E-055213B5C74B}"
EndProject
Project("{2150E333-8FDC-42A3-9474-1A3956D46DE8}") = "4-Infrastructure", "4-Infrastructure", "{B541183A-75A4-4C61-AADD-C8779526FFAA}"
EndProject
Project("{2150E333-8FDC-42A3-9474-1A3956D46DE8}") = "5-Common", "5-Common", "{F85D4071-E395-417A-A515-1A5F47B397CB}"
EndProject
Project("{2150E333-8FDC-42A3-9474-1A3956D46DE8}") = "7-BrilliantFactory", "7-BrilliantFactory", "{7CA4A8CD-AACC-4FEC-B84C-EDF479D59ABD}"
EndProject
Project("{2150E333-8FDC-42A3-9474-1A3956D46DE8}") = "8-UnitTest", "8-UnitTest", "{759A75BC-5F84-4B85-9EA5-FC1EF3E7183C}"
EndProject
Project("{2150E333-8FDC-42A3-9474-1A3956D46DE8}") = "6-Service", "6-Service", "{98CDEE75-339D-4800-92B4-9D47126A3929}"
EndProject
Project("{2150E333-8FDC-42A3-9474-1A3956D46DE8}") = "2-PrintService", "2-PrintService", "{7B0AE131-414B-4FDA-8FC0-FB577D4C0B05}"
EndProject
Project("{2150E333-8FDC-42A3-9474-1A3956D46DE8}") = "1-QuartzService", "1-QuartzService", "{32A20BBF-7A39-4B57-9D2F-791F7FF97C1E}"
EndProject
Project("{FAE04EC0-301F-11D3-BF4B-00C04F79EFBC}") = "WIP_WIPMgmt", "WIP_WIPMgmt\WIP_WIPMgmt.csproj", "{D73BA92C-053B-461D-A7E6-01347A41C30C}"
EndProject
Project("{FAE04EC0-301F-11D3-BF4B-00C04F79EFBC}") = "WIP_IBLL", "WIP_IBLL\WIP_IBLL.csproj", "{264DFCF5-688F-4351-84EE-7B2B73A782A9}"
EndProject
Project("{FAE04EC0-301F-11D3-BF4B-00C04F79EFBC}") = "WIP_UnitTest", "WIP_UnitTest\WIP_UnitTest.csproj", "{C8B7BC8A-B292-4480-A9D7-8539B4ECC520}"
EndProject
Project("{FAE04EC0-301F-11D3-BF4B-00C04F79EFBC}") = "WIP_Test", "WIP_Test\WIP_Test.csproj", "{AFACC1CB-80B6-4F07-B59B-37D308B4AD35}"
EndProject
Global
	GlobalSection(SolutionConfigurationPlatforms) = preSolution
		Debug|Any CPU = Debug|Any CPU
		Debug|Mixed Platforms = Debug|Mixed Platforms
		Debug|x86 = Debug|x86
		Release|Any CPU = Release|Any CPU
		Release|Mixed Platforms = Release|Mixed Platforms
		Release|x86 = Release|x86
	EndGlobalSection
	GlobalSection(ProjectConfigurationPlatforms) = postSolution
		{391980FA-F367-4AC2-9DD7-2070300D2BC4}.Debug|Any CPU.ActiveCfg = Debug|Any CPU
		{391980FA-F367-4AC2-9DD7-2070300D2BC4}.Debug|Any CPU.Build.0 = Debug|Any CPU
		{391980FA-F367-4AC2-9DD7-2070300D2BC4}.Debug|Mixed Platforms.ActiveCfg = Debug|Any CPU
		{391980FA-F367-4AC2-9DD7-2070300D2BC4}.Debug|Mixed Platforms.Build.0 = Debug|Any CPU
		{391980FA-F367-4AC2-9DD7-2070300D2BC4}.Debug|x86.ActiveCfg = Debug|Any CPU
		{391980FA-F367-4AC2-9DD7-2070300D2BC4}.Debug|x86.Build.0 = Debug|Any CPU
		{391980FA-F367-4AC2-9DD7-2070300D2BC4}.Release|Any CPU.ActiveCfg = Release|Any CPU
		{391980FA-F367-4AC2-9DD7-2070300D2BC4}.Release|Any CPU.Build.0 = Release|Any CPU
		{391980FA-F367-4AC2-9DD7-2070300D2BC4}.Release|Mixed Platforms.ActiveCfg = Release|Any CPU
		{391980FA-F367-4AC2-9DD7-2070300D2BC4}.Release|Mixed Platforms.Build.0 = Release|Any CPU
		{391980FA-F367-4AC2-9DD7-2070300D2BC4}.Release|x86.ActiveCfg = Release|Any CPU
		{391980FA-F367-4AC2-9DD7-2070300D2BC4}.Release|x86.Build.0 = Release|Any CPU
		{9BE0C25E-1623-4FA1-8398-15F9B0EF178B}.Debug|Any CPU.ActiveCfg = Debug|Any CPU
		{9BE0C25E-1623-4FA1-8398-15F9B0EF178B}.Debug|Any CPU.Build.0 = Debug|Any CPU
		{9BE0C25E-1623-4FA1-8398-15F9B0EF178B}.Debug|Mixed Platforms.ActiveCfg = Debug|Any CPU
		{9BE0C25E-1623-4FA1-8398-15F9B0EF178B}.Debug|Mixed Platforms.Build.0 = Debug|Any CPU
		{9BE0C25E-1623-4FA1-8398-15F9B0EF178B}.Debug|x86.ActiveCfg = Debug|Any CPU
		{9BE0C25E-1623-4FA1-8398-15F9B0EF178B}.Debug|x86.Build.0 = Debug|Any CPU
		{9BE0C25E-1623-4FA1-8398-15F9B0EF178B}.Release|Any CPU.ActiveCfg = Release|Any CPU
		{9BE0C25E-1623-4FA1-8398-15F9B0EF178B}.Release|Any CPU.Build.0 = Release|Any CPU
		{9BE0C25E-1623-4FA1-8398-15F9B0EF178B}.Release|Mixed Platforms.ActiveCfg = Release|Any CPU
		{9BE0C25E-1623-4FA1-8398-15F9B0EF178B}.Release|Mixed Platforms.Build.0 = Release|Any CPU
		{9BE0C25E-1623-4FA1-8398-15F9B0EF178B}.Release|x86.ActiveCfg = Release|Any CPU
		{9BE0C25E-1623-4FA1-8398-15F9B0EF178B}.Release|x86.Build.0 = Release|Any CPU
		{C947494C-7FC9-4589-9BD0-652CF1C4CD12}.Debug|Any CPU.ActiveCfg = Debug|Any CPU
		{C947494C-7FC9-4589-9BD0-652CF1C4CD12}.Debug|Any CPU.Build.0 = Debug|Any CPU
		{C947494C-7FC9-4589-9BD0-652CF1C4CD12}.Debug|Mixed Platforms.ActiveCfg = Debug|Any CPU
		{C947494C-7FC9-4589-9BD0-652CF1C4CD12}.Debug|Mixed Platforms.Build.0 = Debug|Any CPU
		{C947494C-7FC9-4589-9BD0-652CF1C4CD12}.Debug|x86.ActiveCfg = Debug|Any CPU
		{C947494C-7FC9-4589-9BD0-652CF1C4CD12}.Debug|x86.Build.0 = Debug|Any CPU
		{C947494C-7FC9-4589-9BD0-652CF1C4CD12}.Release|Any CPU.ActiveCfg = Release|Any CPU
		{C947494C-7FC9-4589-9BD0-652CF1C4CD12}.Release|Any CPU.Build.0 = Release|Any CPU
		{C947494C-7FC9-4589-9BD0-652CF1C4CD12}.Release|Mixed Platforms.ActiveCfg = Release|Any CPU
		{C947494C-7FC9-4589-9BD0-652CF1C4CD12}.Release|Mixed Platforms.Build.0 = Release|Any CPU
		{C947494C-7FC9-4589-9BD0-652CF1C4CD12}.Release|x86.ActiveCfg = Release|Any CPU
		{C947494C-7FC9-4589-9BD0-652CF1C4CD12}.Release|x86.Build.0 = Release|Any CPU
		{C31A07C2-7EE8-4007-8972-0F05D2642811}.Debug|Any CPU.ActiveCfg = Debug|Any CPU
		{C31A07C2-7EE8-4007-8972-0F05D2642811}.Debug|Any CPU.Build.0 = Debug|Any CPU
		{C31A07C2-7EE8-4007-8972-0F05D2642811}.Debug|Mixed Platforms.ActiveCfg = Debug|Any CPU
		{C31A07C2-7EE8-4007-8972-0F05D2642811}.Debug|Mixed Platforms.Build.0 = Debug|Any CPU
		{C31A07C2-7EE8-4007-8972-0F05D2642811}.Debug|x86.ActiveCfg = Debug|Any CPU
		{C31A07C2-7EE8-4007-8972-0F05D2642811}.Debug|x86.Build.0 = Debug|Any CPU
		{C31A07C2-7EE8-4007-8972-0F05D2642811}.Release|Any CPU.ActiveCfg = Release|Any CPU
		{C31A07C2-7EE8-4007-8972-0F05D2642811}.Release|Any CPU.Build.0 = Release|Any CPU
		{C31A07C2-7EE8-4007-8972-0F05D2642811}.Release|Mixed Platforms.ActiveCfg = Release|Any CPU
		{C31A07C2-7EE8-4007-8972-0F05D2642811}.Release|Mixed Platforms.Build.0 = Release|Any CPU
		{C31A07C2-7EE8-4007-8972-0F05D2642811}.Release|x86.ActiveCfg = Release|Any CPU
		{C31A07C2-7EE8-4007-8972-0F05D2642811}.Release|x86.Build.0 = Release|Any CPU
		{983CE248-91FB-41B7-B1FE-FA5F791B6FF1}.Debug|Any CPU.ActiveCfg = Debug|Any CPU
		{983CE248-91FB-41B7-B1FE-FA5F791B6FF1}.Debug|Any CPU.Build.0 = Debug|Any CPU
		{983CE248-91FB-41B7-B1FE-FA5F791B6FF1}.Debug|Mixed Platforms.ActiveCfg = Debug|Any CPU
		{983CE248-91FB-41B7-B1FE-FA5F791B6FF1}.Debug|Mixed Platforms.Build.0 = Debug|Any CPU
		{983CE248-91FB-41B7-B1FE-FA5F791B6FF1}.Debug|x86.ActiveCfg = Debug|Any CPU
		{983CE248-91FB-41B7-B1FE-FA5F791B6FF1}.Debug|x86.Build.0 = Debug|Any CPU
		{983CE248-91FB-41B7-B1FE-FA5F791B6FF1}.Release|Any CPU.ActiveCfg = Debug|Any CPU
		{983CE248-91FB-41B7-B1FE-FA5F791B6FF1}.Release|Any CPU.Build.0 = Debug|Any CPU
		{983CE248-91FB-41B7-B1FE-FA5F791B6FF1}.Release|Mixed Platforms.ActiveCfg = Debug|Any CPU
		{983CE248-91FB-41B7-B1FE-FA5F791B6FF1}.Release|Mixed Platforms.Build.0 = Debug|Any CPU
		{983CE248-91FB-41B7-B1FE-FA5F791B6FF1}.Release|x86.ActiveCfg = Debug|Any CPU
		{983CE248-91FB-41B7-B1FE-FA5F791B6FF1}.Release|x86.Build.0 = Debug|Any CPU
		{1103472D-6A5C-4135-B359-0DFC72E71533}.Debug|Any CPU.ActiveCfg = Debug|Any CPU
		{1103472D-6A5C-4135-B359-0DFC72E71533}.Debug|Any CPU.Build.0 = Debug|Any CPU
		{1103472D-6A5C-4135-B359-0DFC72E71533}.Debug|Mixed Platforms.ActiveCfg = Debug|Any CPU
		{1103472D-6A5C-4135-B359-0DFC72E71533}.Debug|Mixed Platforms.Build.0 = Debug|Any CPU
		{1103472D-6A5C-4135-B359-0DFC72E71533}.Debug|x86.ActiveCfg = Debug|Any CPU
		{1103472D-6A5C-4135-B359-0DFC72E71533}.Debug|x86.Build.0 = Debug|Any CPU
		{1103472D-6A5C-4135-B359-0DFC72E71533}.Release|Any CPU.ActiveCfg = Release|Any CPU
		{1103472D-6A5C-4135-B359-0DFC72E71533}.Release|Any CPU.Build.0 = Release|Any CPU
		{1103472D-6A5C-4135-B359-0DFC72E71533}.Release|Mixed Platforms.ActiveCfg = Release|Any CPU
		{1103472D-6A5C-4135-B359-0DFC72E71533}.Release|Mixed Platforms.Build.0 = Release|Any CPU
		{1103472D-6A5C-4135-B359-0DFC72E71533}.Release|x86.ActiveCfg = Release|Any CPU
		{1103472D-6A5C-4135-B359-0DFC72E71533}.Release|x86.Build.0 = Release|Any CPU
		{5693C3EF-526E-4BAC-8CD1-104F8791089D}.Debug|Any CPU.ActiveCfg = Debug|Any CPU
		{5693C3EF-526E-4BAC-8CD1-104F8791089D}.Debug|Any CPU.Build.0 = Debug|Any CPU
		{5693C3EF-526E-4BAC-8CD1-104F8791089D}.Debug|Mixed Platforms.ActiveCfg = Debug|Any CPU
		{5693C3EF-526E-4BAC-8CD1-104F8791089D}.Debug|Mixed Platforms.Build.0 = Debug|Any CPU
		{5693C3EF-526E-4BAC-8CD1-104F8791089D}.Debug|x86.ActiveCfg = Debug|Any CPU
		{5693C3EF-526E-4BAC-8CD1-104F8791089D}.Debug|x86.Build.0 = Debug|Any CPU
		{5693C3EF-526E-4BAC-8CD1-104F8791089D}.Release|Any CPU.ActiveCfg = Release|Any CPU
		{5693C3EF-526E-4BAC-8CD1-104F8791089D}.Release|Any CPU.Build.0 = Release|Any CPU
		{5693C3EF-526E-4BAC-8CD1-104F8791089D}.Release|Mixed Platforms.ActiveCfg = Release|Any CPU
		{5693C3EF-526E-4BAC-8CD1-104F8791089D}.Release|Mixed Platforms.Build.0 = Release|Any CPU
		{5693C3EF-526E-4BAC-8CD1-104F8791089D}.Release|x86.ActiveCfg = Release|Any CPU
		{5693C3EF-526E-4BAC-8CD1-104F8791089D}.Release|x86.Build.0 = Release|Any CPU
		{95D9E5D7-EA62-4EDC-9BAD-B5A84FDD6539}.Debug|Any CPU.ActiveCfg = Debug|x86
		{95D9E5D7-EA62-4EDC-9BAD-B5A84FDD6539}.Debug|Mixed Platforms.ActiveCfg = Debug|x86
		{95D9E5D7-EA62-4EDC-9BAD-B5A84FDD6539}.Debug|Mixed Platforms.Build.0 = Debug|x86
		{95D9E5D7-EA62-4EDC-9BAD-B5A84FDD6539}.Debug|x86.ActiveCfg = Debug|x86
		{95D9E5D7-EA62-4EDC-9BAD-B5A84FDD6539}.Debug|x86.Build.0 = Debug|x86
		{95D9E5D7-EA62-4EDC-9BAD-B5A84FDD6539}.Release|Any CPU.ActiveCfg = Release|x86
		{95D9E5D7-EA62-4EDC-9BAD-B5A84FDD6539}.Release|Mixed Platforms.ActiveCfg = Release|x86
		{95D9E5D7-EA62-4EDC-9BAD-B5A84FDD6539}.Release|Mixed Platforms.Build.0 = Release|x86
		{95D9E5D7-EA62-4EDC-9BAD-B5A84FDD6539}.Release|x86.ActiveCfg = Release|x86
		{95D9E5D7-EA62-4EDC-9BAD-B5A84FDD6539}.Release|x86.Build.0 = Release|x86
		{7A0E391F-8FFB-4B0A-B684-1A0FB8D69306}.Debug|Any CPU.ActiveCfg = Debug|Any CPU
		{7A0E391F-8FFB-4B0A-B684-1A0FB8D69306}.Debug|Any CPU.Build.0 = Debug|Any CPU
		{7A0E391F-8FFB-4B0A-B684-1A0FB8D69306}.Debug|Mixed Platforms.ActiveCfg = Debug|Any CPU
		{7A0E391F-8FFB-4B0A-B684-1A0FB8D69306}.Debug|Mixed Platforms.Build.0 = Debug|Any CPU
		{7A0E391F-8FFB-4B0A-B684-1A0FB8D69306}.Debug|x86.ActiveCfg = Debug|Any CPU
		{7A0E391F-8FFB-4B0A-B684-1A0FB8D69306}.Debug|x86.Build.0 = Debug|Any CPU
		{7A0E391F-8FFB-4B0A-B684-1A0FB8D69306}.Release|Any CPU.ActiveCfg = Release|Any CPU
		{7A0E391F-8FFB-4B0A-B684-1A0FB8D69306}.Release|Any CPU.Build.0 = Release|Any CPU
		{7A0E391F-8FFB-4B0A-B684-1A0FB8D69306}.Release|Mixed Platforms.ActiveCfg = Release|Any CPU
		{7A0E391F-8FFB-4B0A-B684-1A0FB8D69306}.Release|Mixed Platforms.Build.0 = Release|Any CPU
		{7A0E391F-8FFB-4B0A-B684-1A0FB8D69306}.Release|x86.ActiveCfg = Release|Any CPU
		{7A0E391F-8FFB-4B0A-B684-1A0FB8D69306}.Release|x86.Build.0 = Release|Any CPU
		{B0AD1F34-4C94-4CA8-9F14-823FF09E7876}.Debug|Any CPU.ActiveCfg = Debug|Any CPU
		{B0AD1F34-4C94-4CA8-9F14-823FF09E7876}.Debug|Any CPU.Build.0 = Debug|Any CPU
		{B0AD1F34-4C94-4CA8-9F14-823FF09E7876}.Debug|Mixed Platforms.ActiveCfg = Debug|Any CPU
		{B0AD1F34-4C94-4CA8-9F14-823FF09E7876}.Debug|Mixed Platforms.Build.0 = Debug|Any CPU
		{B0AD1F34-4C94-4CA8-9F14-823FF09E7876}.Debug|x86.ActiveCfg = Debug|Any CPU
		{B0AD1F34-4C94-4CA8-9F14-823FF09E7876}.Release|Any CPU.ActiveCfg = Release|Any CPU
		{B0AD1F34-4C94-4CA8-9F14-823FF09E7876}.Release|Any CPU.Build.0 = Release|Any CPU
		{B0AD1F34-4C94-4CA8-9F14-823FF09E7876}.Release|Mixed Platforms.ActiveCfg = Release|Any CPU
		{B0AD1F34-4C94-4CA8-9F14-823FF09E7876}.Release|Mixed Platforms.Build.0 = Release|Any CPU
		{B0AD1F34-4C94-4CA8-9F14-823FF09E7876}.Release|x86.ActiveCfg = Release|Any CPU
		{45CC6D7C-F2B9-4037-897C-2CC10910CC78}.Debug|Any CPU.ActiveCfg = Debug|Any CPU
		{45CC6D7C-F2B9-4037-897C-2CC10910CC78}.Debug|Any CPU.Build.0 = Debug|Any CPU
		{45CC6D7C-F2B9-4037-897C-2CC10910CC78}.Debug|Mixed Platforms.ActiveCfg = Debug|Any CPU
		{45CC6D7C-F2B9-4037-897C-2CC10910CC78}.Debug|Mixed Platforms.Build.0 = Debug|Any CPU
		{45CC6D7C-F2B9-4037-897C-2CC10910CC78}.Debug|x86.ActiveCfg = Debug|Any CPU
		{45CC6D7C-F2B9-4037-897C-2CC10910CC78}.Debug|x86.Build.0 = Debug|Any CPU
		{45CC6D7C-F2B9-4037-897C-2CC10910CC78}.Release|Any CPU.ActiveCfg = Release|Any CPU
		{45CC6D7C-F2B9-4037-897C-2CC10910CC78}.Release|Any CPU.Build.0 = Release|Any CPU
		{45CC6D7C-F2B9-4037-897C-2CC10910CC78}.Release|Mixed Platforms.ActiveCfg = Release|Any CPU
		{45CC6D7C-F2B9-4037-897C-2CC10910CC78}.Release|Mixed Platforms.Build.0 = Release|Any CPU
		{45CC6D7C-F2B9-4037-897C-2CC10910CC78}.Release|x86.ActiveCfg = Release|Any CPU
		{45CC6D7C-F2B9-4037-897C-2CC10910CC78}.Release|x86.Build.0 = Release|Any CPU
		{C4A8F076-DD3A-42D6-859A-CFB4A1C197C7}.Debug|Any CPU.ActiveCfg = Debug|Any CPU
		{C4A8F076-DD3A-42D6-859A-CFB4A1C197C7}.Debug|Any CPU.Build.0 = Debug|Any CPU
		{C4A8F076-DD3A-42D6-859A-CFB4A1C197C7}.Debug|Mixed Platforms.ActiveCfg = Debug|Any CPU
		{C4A8F076-DD3A-42D6-859A-CFB4A1C197C7}.Debug|Mixed Platforms.Build.0 = Debug|Any CPU
		{C4A8F076-DD3A-42D6-859A-CFB4A1C197C7}.Debug|x86.ActiveCfg = Debug|Any CPU
		{C4A8F076-DD3A-42D6-859A-CFB4A1C197C7}.Debug|x86.Build.0 = Debug|Any CPU
		{C4A8F076-DD3A-42D6-859A-CFB4A1C197C7}.Release|Any CPU.ActiveCfg = Release|Any CPU
		{C4A8F076-DD3A-42D6-859A-CFB4A1C197C7}.Release|Any CPU.Build.0 = Release|Any CPU
		{C4A8F076-DD3A-42D6-859A-CFB4A1C197C7}.Release|Mixed Platforms.ActiveCfg = Release|Any CPU
		{C4A8F076-DD3A-42D6-859A-CFB4A1C197C7}.Release|Mixed Platforms.Build.0 = Release|Any CPU
		{C4A8F076-DD3A-42D6-859A-CFB4A1C197C7}.Release|x86.ActiveCfg = Release|Any CPU
		{C4A8F076-DD3A-42D6-859A-CFB4A1C197C7}.Release|x86.Build.0 = Release|Any CPU
		{A6A4C9FD-A504-4B5C-B2E4-33AC03002212}.Debug|Any CPU.ActiveCfg = Debug|Any CPU
		{A6A4C9FD-A504-4B5C-B2E4-33AC03002212}.Debug|Any CPU.Build.0 = Debug|Any CPU
		{A6A4C9FD-A504-4B5C-B2E4-33AC03002212}.Debug|Mixed Platforms.ActiveCfg = Debug|Any CPU
		{A6A4C9FD-A504-4B5C-B2E4-33AC03002212}.Debug|Mixed Platforms.Build.0 = Debug|Any CPU
		{A6A4C9FD-A504-4B5C-B2E4-33AC03002212}.Debug|x86.ActiveCfg = Debug|Any CPU
		{A6A4C9FD-A504-4B5C-B2E4-33AC03002212}.Debug|x86.Build.0 = Debug|Any CPU
		{A6A4C9FD-A504-4B5C-B2E4-33AC03002212}.Release|Any CPU.ActiveCfg = Release|Any CPU
		{A6A4C9FD-A504-4B5C-B2E4-33AC03002212}.Release|Any CPU.Build.0 = Release|Any CPU
		{A6A4C9FD-A504-4B5C-B2E4-33AC03002212}.Release|Mixed Platforms.ActiveCfg = Release|Any CPU
		{A6A4C9FD-A504-4B5C-B2E4-33AC03002212}.Release|Mixed Platforms.Build.0 = Release|Any CPU
		{A6A4C9FD-A504-4B5C-B2E4-33AC03002212}.Release|x86.ActiveCfg = Release|Any CPU
		{A6A4C9FD-A504-4B5C-B2E4-33AC03002212}.Release|x86.Build.0 = Release|Any CPU
		{DDDFBA2A-F77A-4584-8D36-60F46BE0C3F3}.Debug|Any CPU.ActiveCfg = Debug|Any CPU
		{DDDFBA2A-F77A-4584-8D36-60F46BE0C3F3}.Debug|Any CPU.Build.0 = Debug|Any CPU
		{DDDFBA2A-F77A-4584-8D36-60F46BE0C3F3}.Debug|Mixed Platforms.ActiveCfg = Debug|Any CPU
		{DDDFBA2A-F77A-4584-8D36-60F46BE0C3F3}.Debug|Mixed Platforms.Build.0 = Debug|Any CPU
		{DDDFBA2A-F77A-4584-8D36-60F46BE0C3F3}.Debug|x86.ActiveCfg = Debug|Any CPU
		{DDDFBA2A-F77A-4584-8D36-60F46BE0C3F3}.Debug|x86.Build.0 = Debug|Any CPU
		{DDDFBA2A-F77A-4584-8D36-60F46BE0C3F3}.Release|Any CPU.ActiveCfg = Release|Any CPU
		{DDDFBA2A-F77A-4584-8D36-60F46BE0C3F3}.Release|Any CPU.Build.0 = Release|Any CPU
		{DDDFBA2A-F77A-4584-8D36-60F46BE0C3F3}.Release|Mixed Platforms.ActiveCfg = Release|Any CPU
		{DDDFBA2A-F77A-4584-8D36-60F46BE0C3F3}.Release|Mixed Platforms.Build.0 = Release|Any CPU
		{DDDFBA2A-F77A-4584-8D36-60F46BE0C3F3}.Release|x86.ActiveCfg = Release|Any CPU
		{DDDFBA2A-F77A-4584-8D36-60F46BE0C3F3}.Release|x86.Build.0 = Release|Any CPU
		{621AF504-EB96-4131-83A7-C7072F70B00E}.Debug|Any CPU.ActiveCfg = Debug|x86
		{621AF504-EB96-4131-83A7-C7072F70B00E}.Debug|Mixed Platforms.ActiveCfg = Debug|x86
		{621AF504-EB96-4131-83A7-C7072F70B00E}.Debug|Mixed Platforms.Build.0 = Debug|x86
		{621AF504-EB96-4131-83A7-C7072F70B00E}.Debug|x86.ActiveCfg = Debug|x86
		{621AF504-EB96-4131-83A7-C7072F70B00E}.Debug|x86.Build.0 = Debug|x86
		{621AF504-EB96-4131-83A7-C7072F70B00E}.Release|Any CPU.ActiveCfg = Release|x86
		{621AF504-EB96-4131-83A7-C7072F70B00E}.Release|Mixed Platforms.ActiveCfg = Release|x86
		{621AF504-EB96-4131-83A7-C7072F70B00E}.Release|Mixed Platforms.Build.0 = Release|x86
		{621AF504-EB96-4131-83A7-C7072F70B00E}.Release|x86.ActiveCfg = Release|x86
		{621AF504-EB96-4131-83A7-C7072F70B00E}.Release|x86.Build.0 = Release|x86
		{B9DBDCA4-ECAA-419C-8FBB-7EA267B1F48E}.Debug|Any CPU.ActiveCfg = Debug|Any CPU
		{B9DBDCA4-ECAA-419C-8FBB-7EA267B1F48E}.Debug|Any CPU.Build.0 = Debug|Any CPU
		{B9DBDCA4-ECAA-419C-8FBB-7EA267B1F48E}.Debug|Mixed Platforms.ActiveCfg = Debug|Any CPU
		{B9DBDCA4-ECAA-419C-8FBB-7EA267B1F48E}.Debug|Mixed Platforms.Build.0 = Debug|Any CPU
		{B9DBDCA4-ECAA-419C-8FBB-7EA267B1F48E}.Debug|x86.ActiveCfg = Debug|Any CPU
		{B9DBDCA4-ECAA-419C-8FBB-7EA267B1F48E}.Release|Any CPU.ActiveCfg = Release|Any CPU
		{B9DBDCA4-ECAA-419C-8FBB-7EA267B1F48E}.Release|Any CPU.Build.0 = Release|Any CPU
		{B9DBDCA4-ECAA-419C-8FBB-7EA267B1F48E}.Release|Mixed Platforms.ActiveCfg = Release|Any CPU
		{B9DBDCA4-ECAA-419C-8FBB-7EA267B1F48E}.Release|Mixed Platforms.Build.0 = Release|Any CPU
		{B9DBDCA4-ECAA-419C-8FBB-7EA267B1F48E}.Release|x86.ActiveCfg = Release|Any CPU
		{49F1349C-9C11-4474-983E-E3B7B3B7DCE3}.Debug|Any CPU.ActiveCfg = Debug|Any CPU
		{49F1349C-9C11-4474-983E-E3B7B3B7DCE3}.Debug|Any CPU.Build.0 = Debug|Any CPU
		{49F1349C-9C11-4474-983E-E3B7B3B7DCE3}.Debug|Mixed Platforms.ActiveCfg = Debug|Any CPU
		{49F1349C-9C11-4474-983E-E3B7B3B7DCE3}.Debug|Mixed Platforms.Build.0 = Debug|Any CPU
		{49F1349C-9C11-4474-983E-E3B7B3B7DCE3}.Debug|x86.ActiveCfg = Debug|Any CPU
		{49F1349C-9C11-4474-983E-E3B7B3B7DCE3}.Release|Any CPU.ActiveCfg = Release|Any CPU
		{49F1349C-9C11-4474-983E-E3B7B3B7DCE3}.Release|Any CPU.Build.0 = Release|Any CPU
		{49F1349C-9C11-4474-983E-E3B7B3B7DCE3}.Release|Mixed Platforms.ActiveCfg = Release|Any CPU
		{49F1349C-9C11-4474-983E-E3B7B3B7DCE3}.Release|Mixed Platforms.Build.0 = Release|Any CPU
		{49F1349C-9C11-4474-983E-E3B7B3B7DCE3}.Release|x86.ActiveCfg = Release|Any CPU
		{D73BA92C-053B-461D-A7E6-01347A41C30C}.Debug|Any CPU.ActiveCfg = Debug|Any CPU
		{D73BA92C-053B-461D-A7E6-01347A41C30C}.Debug|Any CPU.Build.0 = Debug|Any CPU
		{D73BA92C-053B-461D-A7E6-01347A41C30C}.Debug|Mixed Platforms.ActiveCfg = Debug|Any CPU
		{D73BA92C-053B-461D-A7E6-01347A41C30C}.Debug|Mixed Platforms.Build.0 = Debug|Any CPU
		{D73BA92C-053B-461D-A7E6-01347A41C30C}.Debug|x86.ActiveCfg = Debug|Any CPU
		{D73BA92C-053B-461D-A7E6-01347A41C30C}.Release|Any CPU.ActiveCfg = Release|Any CPU
		{D73BA92C-053B-461D-A7E6-01347A41C30C}.Release|Any CPU.Build.0 = Release|Any CPU
		{D73BA92C-053B-461D-A7E6-01347A41C30C}.Release|Mixed Platforms.ActiveCfg = Release|Any CPU
		{D73BA92C-053B-461D-A7E6-01347A41C30C}.Release|Mixed Platforms.Build.0 = Release|Any CPU
		{D73BA92C-053B-461D-A7E6-01347A41C30C}.Release|x86.ActiveCfg = Release|Any CPU
		{264DFCF5-688F-4351-84EE-7B2B73A782A9}.Debug|Any CPU.ActiveCfg = Debug|Any CPU
		{264DFCF5-688F-4351-84EE-7B2B73A782A9}.Debug|Any CPU.Build.0 = Debug|Any CPU
		{264DFCF5-688F-4351-84EE-7B2B73A782A9}.Debug|Mixed Platforms.ActiveCfg = Debug|Any CPU
		{264DFCF5-688F-4351-84EE-7B2B73A782A9}.Debug|Mixed Platforms.Build.0 = Debug|Any CPU
		{264DFCF5-688F-4351-84EE-7B2B73A782A9}.Debug|x86.ActiveCfg = Debug|Any CPU
		{264DFCF5-688F-4351-84EE-7B2B73A782A9}.Release|Any CPU.ActiveCfg = Release|Any CPU
		{264DFCF5-688F-4351-84EE-7B2B73A782A9}.Release|Any CPU.Build.0 = Release|Any CPU
		{264DFCF5-688F-4351-84EE-7B2B73A782A9}.Release|Mixed Platforms.ActiveCfg = Release|Any CPU
		{264DFCF5-688F-4351-84EE-7B2B73A782A9}.Release|Mixed Platforms.Build.0 = Release|Any CPU
		{264DFCF5-688F-4351-84EE-7B2B73A782A9}.Release|x86.ActiveCfg = Release|Any CPU
		{C8B7BC8A-B292-4480-A9D7-8539B4ECC520}.Debug|Any CPU.ActiveCfg = Debug|Any CPU
		{C8B7BC8A-B292-4480-A9D7-8539B4ECC520}.Debug|Any CPU.Build.0 = Debug|Any CPU
		{C8B7BC8A-B292-4480-A9D7-8539B4ECC520}.Debug|Mixed Platforms.ActiveCfg = Debug|Any CPU
		{C8B7BC8A-B292-4480-A9D7-8539B4ECC520}.Debug|Mixed Platforms.Build.0 = Debug|Any CPU
		{C8B7BC8A-B292-4480-A9D7-8539B4ECC520}.Debug|x86.ActiveCfg = Debug|Any CPU
		{C8B7BC8A-B292-4480-A9D7-8539B4ECC520}.Release|Any CPU.ActiveCfg = Release|Any CPU
		{C8B7BC8A-B292-4480-A9D7-8539B4ECC520}.Release|Any CPU.Build.0 = Release|Any CPU
		{C8B7BC8A-B292-4480-A9D7-8539B4ECC520}.Release|Mixed Platforms.ActiveCfg = Release|Any CPU
		{C8B7BC8A-B292-4480-A9D7-8539B4ECC520}.Release|Mixed Platforms.Build.0 = Release|Any CPU
		{C8B7BC8A-B292-4480-A9D7-8539B4ECC520}.Release|x86.ActiveCfg = Release|Any CPU
		{AFACC1CB-80B6-4F07-B59B-37D308B4AD35}.Debug|Any CPU.ActiveCfg = Debug|Any CPU
		{AFACC1CB-80B6-4F07-B59B-37D308B4AD35}.Debug|Any CPU.Build.0 = Debug|Any CPU
		{AFACC1CB-80B6-4F07-B59B-37D308B4AD35}.Debug|Mixed Platforms.ActiveCfg = Debug|Any CPU
		{AFACC1CB-80B6-4F07-B59B-37D308B4AD35}.Debug|Mixed Platforms.Build.0 = Debug|Any CPU
		{AFACC1CB-80B6-4F07-B59B-37D308B4AD35}.Debug|x86.ActiveCfg = Debug|Any CPU
		{AFACC1CB-80B6-4F07-B59B-37D308B4AD35}.Release|Any CPU.ActiveCfg = Release|Any CPU
		{AFACC1CB-80B6-4F07-B59B-37D308B4AD35}.Release|Any CPU.Build.0 = Release|Any CPU
		{AFACC1CB-80B6-4F07-B59B-37D308B4AD35}.Release|Mixed Platforms.ActiveCfg = Release|Any CPU
		{AFACC1CB-80B6-4F07-B59B-37D308B4AD35}.Release|Mixed Platforms.Build.0 = Release|Any CPU
		{AFACC1CB-80B6-4F07-B59B-37D308B4AD35}.Release|x86.ActiveCfg = Release|Any CPU
	EndGlobalSection
	GlobalSection(SolutionProperties) = preSolution
		HideSolutionNode = FALSE
	EndGlobalSection
	GlobalSection(NestedProjects) = preSolution
		{9BE0C25E-1623-4FA1-8398-15F9B0EF178B} = {7CA4A8CD-AACC-4FEC-B84C-EDF479D59ABD}
		{C947494C-7FC9-4589-9BD0-652CF1C4CD12} = {7CA4A8CD-AACC-4FEC-B84C-EDF479D59ABD}
		{391980FA-F367-4AC2-9DD7-2070300D2BC4} = {7CA4A8CD-AACC-4FEC-B84C-EDF479D59ABD}
		{5693C3EF-526E-4BAC-8CD1-104F8791089D} = {3FD84F73-C0B8-461B-8A49-C21340C35958}
		{49F1349C-9C11-4474-983E-E3B7B3B7DCE3} = {3FD84F73-C0B8-461B-8A49-C21340C35958}
		{C31A07C2-7EE8-4007-8972-0F05D2642811} = {3FD84F73-C0B8-461B-8A49-C21340C35958}
		{D73BA92C-053B-461D-A7E6-01347A41C30C} = {3FD84F73-C0B8-461B-8A49-C21340C35958}
		{983CE248-91FB-41B7-B1FE-FA5F791B6FF1} = {DD71A529-9C51-46EA-A416-E6E41DDD8793}
		{B0AD1F34-4C94-4CA8-9F14-823FF09E7876} = {F85D4071-E395-417A-A515-1A5F47B397CB}
		{DDDFBA2A-F77A-4584-8D36-60F46BE0C3F3} = {F85D4071-E395-417A-A515-1A5F47B397CB}
		{1103472D-6A5C-4135-B359-0DFC72E71533} = {F85D4071-E395-417A-A515-1A5F47B397CB}
		{32A20BBF-7A39-4B57-9D2F-791F7FF97C1E} = {98CDEE75-339D-4800-92B4-9D47126A3929}
		{7B0AE131-414B-4FDA-8FC0-FB577D4C0B05} = {98CDEE75-339D-4800-92B4-9D47126A3929}
		{B9DBDCA4-ECAA-419C-8FBB-7EA267B1F48E} = {98CDEE75-339D-4800-92B4-9D47126A3929}
		{95D9E5D7-EA62-4EDC-9BAD-B5A84FDD6539} = {32A20BBF-7A39-4B57-9D2F-791F7FF97C1E}
		{7A0E391F-8FFB-4B0A-B684-1A0FB8D69306} = {32A20BBF-7A39-4B57-9D2F-791F7FF97C1E}
		{A6A4C9FD-A504-4B5C-B2E4-33AC03002212} = {B541183A-75A4-4C61-AADD-C8779526FFAA}
		{45CC6D7C-F2B9-4037-897C-2CC10910CC78} = {B541183A-75A4-4C61-AADD-C8779526FFAA}
		{C4A8F076-DD3A-42D6-859A-CFB4A1C197C7} = {2D29546D-09D8-46BB-834E-055213B5C74B}
		{264DFCF5-688F-4351-84EE-7B2B73A782A9} = {2D29546D-09D8-46BB-834E-055213B5C74B}
		{621AF504-EB96-4131-83A7-C7072F70B00E} = {7B0AE131-414B-4FDA-8FC0-FB577D4C0B05}
		{C8B7BC8A-B292-4480-A9D7-8539B4ECC520} = {759A75BC-5F84-4B85-9EA5-FC1EF3E7183C}
		{AFACC1CB-80B6-4F07-B59B-37D308B4AD35} = {759A75BC-5F84-4B85-9EA5-FC1EF3E7183C}
	EndGlobalSection
EndGlobal
